{
  "name": "grpc-interface",
  "lockfileVersion": 3,
  "requires": true,
  "packages": {
    "": {
      "dependencies": {
        "@bufbuild/buf": "^1.33.0"
      }
    },
    "node_modules/@bufbuild/buf": {
      "version": "1.33.0",
      "resolved": "https://registry.npmjs.org/@bufbuild/buf/-/buf-1.33.0.tgz",
      "integrity": "sha512-VnXdRDsfr1aO7gqy/geVK4/r9w4K6lj3ypsZwu75gdXMq9QXtOmdEO6QqlXO/BpjYG4Aw/Z6Bt/WEezA6hqJow==",
      "hasInstallScript": true,
      "bin": {
        "buf": "bin/buf",
        "protoc-gen-buf-breaking": "bin/protoc-gen-buf-breaking",
        "protoc-gen-buf-lint": "bin/protoc-gen-buf-lint"
      },
      "engines": {
        "node": ">=12"
      },
      "optionalDependencies": {
        "@bufbuild/buf-darwin-arm64": "1.33.0",
        "@bufbuild/buf-darwin-x64": "1.33.0",
        "@bufbuild/buf-linux-aarch64": "1.33.0",
        "@bufbuild/buf-linux-x64": "1.33.0",
        "@bufbuild/buf-win32-arm64": "1.33.0",
        "@bufbuild/buf-win32-x64": "1.33.0"
      }
    },
    "node_modules/@bufbuild/buf-darwin-arm64": {
      "version": "1.33.0",
      "resolved": "https://registry.npmjs.org/@bufbuild/buf-darwin-arm64/-/buf-darwin-arm64-1.33.0.tgz",
      "integrity": "sha512-h2CKZUS3apPDxuB/HQHIvbzh+xXVsRik7w/AbeYO1r9PKjdet/8F53t3KrdQa4NFF948JGxQ/0/1VvVowjjZUA==",
      "cpu": [
        "arm64"
      ],
      "optional": true,
      "os": [
        "darwin"
      ],
      "engines": {
        "node": ">=12"
      }
    },
    "node_modules/@bufbuild/buf-darwin-x64": {
      "version": "1.33.0",
      "resolved": "https://registry.npmjs.org/@bufbuild/buf-darwin-x64/-/buf-darwin-x64-1.33.0.tgz",
      "integrity": "sha512-DMBkAJVwwRHF0gwiCWyqToOVfcNAU8WYOkE3M2NYvQDIdeiSKw0+OjD0l+CYfppMOGh9MJWQV7di96ugDO+VbA==",
      "cpu": [
        "x64"
      ],
      "optional": true,
      "os": [
        "darwin"
      ],
      "engines": {
        "node": ">=12"
      }
    },
    "node_modules/@bufbuild/buf-linux-aarch64": {
      "version": "1.33.0",
      "resolved": "https://registry.npmjs.org/@bufbuild/buf-linux-aarch64/-/buf-linux-aarch64-1.33.0.tgz",
      "integrity": "sha512-68OxC000rHtXzV2zxHXJ54ZkkPy/3yrm9HLALo8vUk4p5/fupwzjkGMQqD6BmL/ThDO8AX3jUvhJUAg+kS1+Hw==",
      "cpu": [
        "arm64"
      ],
      "optional": true,
      "os": [
        "linux"
      ],
      "engines": {
        "node": ">=12"
      }
    },
    "node_modules/@bufbuild/buf-linux-x64": {
      "version": "1.33.0",
      "resolved": "https://registry.npmjs.org/@bufbuild/buf-linux-x64/-/buf-linux-x64-1.33.0.tgz",
      "integrity": "sha512-KsED6sanzwZCviSCMlq/P2yuuTVbgWGeUmS9CGsVn28sdjFCJb7bNhB6CKpUhox617XwqTPYZzEulQ1fF/sqJg==",
      "cpu": [
        "x64"
      ],
      "optional": true,
      "os": [
        "linux"
      ],
      "engines": {
        "node": ">=12"
      }
    },
    "node_modules/@bufbuild/buf-win32-arm64": {
      "version": "1.33.0",
      "resolved": "https://registry.npmjs.org/@bufbuild/buf-win32-arm64/-/buf-win32-arm64-1.33.0.tgz",
      "integrity": "sha512-QEGjUNEDI2zfajtHlbjZsM05ya9dtza5X3q95IeUJmy+7NOhV9OOLqtWnHv2iCh1zvyzefKSXWfmQhNs+M/0qA==",
      "cpu": [
        "arm64"
      ],
      "optional": true,
      "os": [
        "win32"
      ],
      "engines": {
        "node": ">=12"
      }
    },
    "node_modules/@bufbuild/buf-win32-x64": {
      "version": "1.33.0",
      "resolved": "https://registry.npmjs.org/@bufbuild/buf-win32-x64/-/buf-win32-x64-1.33.0.tgz",
      "integrity": "sha512-JdPxQc7m5L6BsMzrqecKGmgJSYn3k3389dFtEXIEB2D7u2G3AWoRbPluzggo6udBYtjq+ZMdErdPjDDknNQvEg==",
      "cpu": [
        "x64"
      ],
      "optional": true,
      "os": [
        "win32"
      ],
      "engines": {
        "node": ">=12"
      }
    }
  }
}
